<?xml version="1.0" encoding="utf-8"?>
<Project ToolsVersion="4.0" xmlns="http://schemas.microsoft.com/developer/msbuild/2003">
  <ItemGroup>
    <Filter Include="Source Files">
      <UniqueIdentifier>{4FC737F1-C7A5-4376-A066-2A32D752A2FF}</UniqueIdentifier>
      <Extensions>cpp;c;cc;cxx;def;odl;idl;hpj;bat;asm;asmx</Extensions>
    </Filter>
    <Filter Include="Resource Files">
      <UniqueIdentifier>{67DA6AB6-F800-4c08-8B7A-83BB121AAD01}</UniqueIdentifier>
      <Extensions>rc;ico;cur;bmp;dlg;rc2;rct;bin;rgs;gif;jpg;jpeg;jpe;resx;tiff;tif;png;wav</Extensions>
    </Filter>
    <Filter Include="Generated Files">
      <UniqueIdentifier>{8dab87f9-f08b-46a5-821c-5bdb233d2346}</UniqueIdentifier>
      <SourceControlFiles>False</SourceControlFiles>
    </Filter>
    <Filter Include="Header Files">
      <UniqueIdentifier>{93995380-89BD-4b04-88EB-625FBE52EBFB}</UniqueIdentifier>
      <Extensions>h;hpp;hxx;hm;inl;inc;xsd</Extensions>
    </Filter>
    <Filter Include="Generated Files - Nimbus">
      <UniqueIdentifier>{53ee3c8f-3847-41bc-9790-e71afda639fb}</UniqueIdentifier>
    </Filter>
  </ItemGroup>
  <ItemGroup>
    <ClCompile Include="CoWX218x.cpp">
      <Filter>Source Files</Filter>
    </ClCompile>
    <ClCompile Include="IIviDriver.cpp">
      <Filter>Source Files</Filter>
    </ClCompile>
    <ClCompile Include="IIviDriverIdentity.cpp">
      <Filter>Source Files</Filter>
    </ClCompile>
    <ClCompile Include="IIviDriverOperation.cpp">
      <Filter>Source Files</Filter>
    </ClCompile>
    <ClCompile Include="IIviDriverUtility.cpp">
      <Filter>Source Files</Filter>
    </ClCompile>
    <ClCompile Include="IIviFgen.cpp">
      <Filter>Source Files</Filter>
    </ClCompile>
    <ClCompile Include="IIviFgenAM.cpp">
      <Filter>Source Files</Filter>
    </ClCompile>
    <ClCompile Include="IIviFgenArbitrary.cpp">
      <Filter>Source Files</Filter>
    </ClCompile>
    <ClCompile Include="IIviFgenArbitrarySequence.cpp">
      <Filter>Source Files</Filter>
    </ClCompile>
    <ClCompile Include="IIviFgenArbitraryWaveform.cpp">
      <Filter>Source Files</Filter>
    </ClCompile>
    <ClCompile Include="IIviFgenFM.cpp">
      <Filter>Source Files</Filter>
    </ClCompile>
    <ClCompile Include="IIviFgenOutput.cpp">
      <Filter>Source Files</Filter>
    </ClCompile>
    <ClCompile Include="IIviFgenStandardWaveform.cpp">
      <Filter>Source Files</Filter>
    </ClCompile>
    <ClCompile Include="IIviFgenTrigger.cpp">
      <Filter>Source Files</Filter>
    </ClCompile>
    <ClCompile Include="IviFgenDigitalManager.cpp">
      <Filter>Source Files</Filter>
    </ClCompile>
    <ClCompile Include="IviFgenSequenceManager.cpp">
      <Filter>Source Files</Filter>
    </ClCompile>
    <ClCompile Include="IviFgenWaveformManager.cpp">
      <Filter>Source Files</Filter>
    </ClCompile>
    <ClCompile Include="IWX218x.cpp">
      <Filter>Source Files</Filter>
    </ClCompile>
    <ClCompile Include="IWX218xAHOP.cpp">
      <Filter>Source Files</Filter>
    </ClCompile>
    <ClCompile Include="IWX218xAM.cpp">
      <Filter>Source Files</Filter>
    </ClCompile>
    <ClCompile Include="IWX218xArbitrary.cpp">
      <Filter>Source Files</Filter>
    </ClCompile>
    <ClCompile Include="IWX218xArbitrarySequence.cpp">
      <Filter>Source Files</Filter>
    </ClCompile>
    <ClCompile Include="IWX218xArbitrarySequenceAdvanceSequence.cpp">
      <Filter>Source Files</Filter>
    </ClCompile>
    <ClCompile Include="IWX218xArbitraryWaveform.cpp">
      <Filter>Source Files</Filter>
    </ClCompile>
    <ClCompile Include="IWX218xASK.cpp">
      <Filter>Source Files</Filter>
    </ClCompile>
    <ClCompile Include="IWX218xCarrierModulation.cpp">
      <Filter>Source Files</Filter>
    </ClCompile>
    <ClCompile Include="IWX218xCHIRP.cpp">
      <Filter>Source Files</Filter>
    </ClCompile>
    <ClCompile Include="IWX218xCouple.cpp">
      <Filter>Source Files</Filter>
    </ClCompile>
    <ClCompile Include="IWX218xDigitalPatternOutput.cpp">
      <Filter>Source Files</Filter>
    </ClCompile>
    <ClCompile Include="IWX218xDigitalPulse.cpp">
      <Filter>Source Files</Filter>
    </ClCompile>
    <ClCompile Include="IWX218xFHOP.cpp">
      <Filter>Source Files</Filter>
    </ClCompile>
    <ClCompile Include="IWX218xFM.cpp">
      <Filter>Source Files</Filter>
    </ClCompile>
    <ClCompile Include="IWX218xFSK.cpp">
      <Filter>Source Files</Filter>
    </ClCompile>
    <ClCompile Include="IWX218xMarkers.cpp">
      <Filter>Source Files</Filter>
    </ClCompile>
    <ClCompile Include="IWX218xOutput.cpp">
      <Filter>Source Files</Filter>
    </ClCompile>
    <ClCompile Include="IWX218xOutputSync.cpp">
      <Filter>Source Files</Filter>
    </ClCompile>
    <ClCompile Include="IWX218xPattern.cpp">
      <Filter>Source Files</Filter>
    </ClCompile>
    <ClCompile Include="IWX218xPatternComposer.cpp">
      <Filter>Source Files</Filter>
    </ClCompile>
    <ClCompile Include="IWX218xPSK.cpp">
      <Filter>Source Files</Filter>
    </ClCompile>
    <ClCompile Include="IWX218xQAM.cpp">
      <Filter>Source Files</Filter>
    </ClCompile>
    <ClCompile Include="IWX218xStandardWaveform.cpp">
      <Filter>Source Files</Filter>
    </ClCompile>
    <ClCompile Include="IWX218xStateStorage.cpp">
      <Filter>Source Files</Filter>
    </ClCompile>
    <ClCompile Include="IWX218xSweep.cpp">
      <Filter>Source Files</Filter>
    </ClCompile>
    <ClCompile Include="IWX218xTrigger.cpp">
      <Filter>Source Files</Filter>
    </ClCompile>
    <ClCompile Include="IWX218xTriggerARM.cpp">
      <Filter>Source Files</Filter>
    </ClCompile>
    <ClCompile Include="IWX218xTriggerSmartTrigger.cpp">
      <Filter>Source Files</Filter>
    </ClCompile>
    <ClCompile Include="IWX218xXInstrument.cpp">
      <Filter>Source Files</Filter>
    </ClCompile>
    <ClCompile Include="StdAfx.cpp">
      <Filter>Source Files</Filter>
    </ClCompile>
    <ClCompile Include="wx218x.cpp">
      <Filter>Source Files</Filter>
    </ClCompile>
    <ClCompile Include="WX218x.Module.cpp">
      <Filter>Source Files</Filter>
    </ClCompile>
    <ClCompile Include="_WX218x_i.c">
      <Filter>Generated Files</Filter>
    </ClCompile>
    <ClCompile Include="CoWX218x.nimbus.cpp">
      <Filter>Generated Files - Nimbus</Filter>
    </ClCompile>
    <ClCompile Include="Enums.nimbus.cpp">
      <Filter>Generated Files - Nimbus</Filter>
    </ClCompile>
    <ClCompile Include="ForwardingShims.nimbus.cpp">
      <Filter>Generated Files - Nimbus</Filter>
    </ClCompile>
    <ClCompile Include="wx218x.nimbus.cpp">
      <Filter>Generated Files - Nimbus</Filter>
    </ClCompile>
  </ItemGroup>
  <ItemGroup>
    <None Include="CoWX218x.nimbus.rgs">
      <Filter>Generated Files - Nimbus</Filter>
    </None>
    <None Include="Resources.nimbus.rc2">
      <Filter>Generated Files - Nimbus</Filter>
    </None>
    <None Include="TaborElectronics.WX218x.Interop.xml">
      <Filter>Generated Files - Nimbus</Filter>
    </None>
    <None Include="WX218x-x64.nimbus.def">
      <Filter>Generated Files - Nimbus</Filter>
    </None>
    <None Include="WX218x-x86.nimbus.def">
      <Filter>Generated Files - Nimbus</Filter>
    </None>
    <None Include="wx218x.fp">
      <Filter>Generated Files - Nimbus</Filter>
    </None>
    <None Include="WX218x.nimbus.rgs">
      <Filter>Generated Files - Nimbus</Filter>
    </None>
    <None Include="wx218x.sub">
      <Filter>Generated Files - Nimbus</Filter>
    </None>
    <None Include="ConfigStore.xml" />
  </ItemGroup>
  <ItemGroup>
    <ResourceCompile Include="WX218x.rc">
      <Filter>Resource Files</Filter>
    </ResourceCompile>
  </ItemGroup>
  <ItemGroup>
    <ClInclude Include="_WX218x.h">
      <Filter>Generated Files</Filter>
    </ClInclude>
    <ClInclude Include="CoWX218x.h">
      <Filter>Header Files</Filter>
    </ClInclude>
    <ClInclude Include="IviFgenDigitalManager.h">
      <Filter>Header Files</Filter>
    </ClInclude>
    <ClInclude Include="IviFgenSequenceManager.h">
      <Filter>Header Files</Filter>
    </ClInclude>
    <ClInclude Include="IviFgenWaveformManager.h">
      <Filter>Header Files</Filter>
    </ClInclude>
    <ClInclude Include="..\Pxi_Firmware\PXI2382Drv.h">
      <Filter>Header Files</Filter>
    </ClInclude>
    <ClInclude Include="Resource.h">
      <Filter>Header Files</Filter>
    </ClInclude>
    <ClInclude Include="StdAfx.h">
      <Filter>Header Files</Filter>
    </ClInclude>
    <ClInclude Include="WX218xDef.h">
      <Filter>Header Files</Filter>
    </ClInclude>
    <ClInclude Include="CoWX218x.nimbus.h">
      <Filter>Generated Files - Nimbus</Filter>
    </ClInclude>
    <ClInclude Include="ErrorReporter.nimbus.h">
      <Filter>Generated Files - Nimbus</Filter>
    </ClInclude>
    <ClInclude Include="ForwardingShims.nimbus.h">
      <Filter>Generated Files - Nimbus</Filter>
    </ClInclude>
    <ClInclude Include="StdAfx.nimbus.h">
      <Filter>Generated Files - Nimbus</Filter>
    </ClInclude>
    <ClInclude Include="wx218x.h">
      <Filter>Generated Files - Nimbus</Filter>
    </ClInclude>
    <ClInclude Include="wx218x.nimbus.h">
      <Filter>Generated Files - Nimbus</Filter>
    </ClInclude>
  </ItemGroup>
  <ItemGroup>
    <Midl Include="WX218x.nimbus.idl">
      <Filter>Generated Files - Nimbus</Filter>
    </Midl>
  </ItemGroup>
  <ItemGroup>
    <CustomBuild Include="ErrorMessages.nimbus.mc">
      <Filter>Generated Files - Nimbus</Filter>
    </CustomBuild>
  </ItemGroup>
</Project>